
Microsoft Visual Studio Solution File, Format Version 12.00
# Visual Studio Version 16
VisualStudioVersion = 16.0.30114.105
MinimumVisualStudioVersion = 10.0.40219.1
Project("{FAE04EC0-301F-11D3-BF4B-00C04F79EFBC}") = "HakerPoint", "HakerPoint\HakerPoint.csproj", "{1E8F4CCA-0D95-491D-AF68-4BF12BEA5712}"
EndProject
Global
	GlobalSection(SolutionConfigurationPlatforms) = preSolution
		Debug|Any CPU = Debug|Any CPU
		Release|Any CPU = Release|Any CPU
	EndGlobalSection
	GlobalSection(ProjectConfigurationPlatforms) = postSolution
		{1E8F4CCA-0D95-491D-AF68-4BF12BEA5712}.Debug|Any CPU.ActiveCfg = Debug|Any CPU
		{1E8F4CCA-0D95-491D-AF68-4BF12BEA5712}.Debug|Any CPU.Build.0 = Debug|Any CPU
		{1E8F4CCA-0D95-491D-AF68-4BF12BEA5712}.Release|Any CPU.ActiveCfg = Release|Any CPU
		{1E8F4CCA-0D95-491D-AF68-4BF12BEA5712}.Release|Any CPU.Build.0 = Release|Any CPU
	EndGlobalSection
	GlobalSection(SolutionProperties) = preSolution
		HideSolutionNode = FALSE
	EndGlobalSection
	GlobalSection(ExtensibilityGlobals) = postSolution
		SolutionGuid = {8FC8D203-FE8F-4BC2-93DC-48F1A90CFD6C}
	EndGlobalSection
EndGlobal
