
Microsoft Visual Studio Solution File, Format Version 12.00
# Visual Studio Version 16
VisualStudioVersion = 16.0.30114.105
MinimumVisualStudioVersion = 10.0.40219.1
Project("{FAE04EC0-301F-11D3-BF4B-00C04F79EFBC}") = "TärningsSimulator", "TärningsSimulator\TärningsSimulator.csproj", "{C8DBCCDD-C7DA-4257-80A1-09FC792EEDBD}"
EndProject
Global
	GlobalSection(SolutionConfigurationPlatforms) = preSolution
		Debug|Any CPU = Debug|Any CPU
		Release|Any CPU = Release|Any CPU
	EndGlobalSection
	GlobalSection(ProjectConfigurationPlatforms) = postSolution
		{C8DBCCDD-C7DA-4257-80A1-09FC792EEDBD}.Debug|Any CPU.ActiveCfg = Debug|Any CPU
		{C8DBCCDD-C7DA-4257-80A1-09FC792EEDBD}.Debug|Any CPU.Build.0 = Debug|Any CPU
		{C8DBCCDD-C7DA-4257-80A1-09FC792EEDBD}.Release|Any CPU.ActiveCfg = Release|Any CPU
		{C8DBCCDD-C7DA-4257-80A1-09FC792EEDBD}.Release|Any CPU.Build.0 = Release|Any CPU
	EndGlobalSection
	GlobalSection(SolutionProperties) = preSolution
		HideSolutionNode = FALSE
	EndGlobalSection
	GlobalSection(ExtensibilityGlobals) = postSolution
		SolutionGuid = {58E34EBD-AD99-406C-A4B6-C61BC3846C5A}
	EndGlobalSection
EndGlobal
